
Microsoft Visual Studio Solution File, Format Version 12.00
# Visual Studio Version 16
VisualStudioVersion = 16.0.31005.135
MinimumVisualStudioVersion = 10.0.40219.1
Project("{FAE04EC0-301F-11D3-BF4B-00C04F79EFBC}") = "ValidationEx", "ValidationEx\ValidationEx.csproj", "{FEA31BCC-B7F2-4620-B5CD-133F829C6EA8}"
EndProject
Global
	GlobalSection(SolutionConfigurationPlatforms) = preSolution
		Debug|Any CPU = Debug|Any CPU
		Release|Any CPU = Release|Any CPU
	EndGlobalSection
	GlobalSection(ProjectConfigurationPlatforms) = postSolution
		{FEA31BCC-B7F2-4620-B5CD-133F829C6EA8}.Debug|Any CPU.ActiveCfg = Debug|Any CPU
		{FEA31BCC-B7F2-4620-B5CD-133F829C6EA8}.Debug|Any CPU.Build.0 = Debug|Any CPU
		{FEA31BCC-B7F2-4620-B5CD-133F829C6EA8}.Release|Any CPU.ActiveCfg = Release|Any CPU
		{FEA31BCC-B7F2-4620-B5CD-133F829C6EA8}.Release|Any CPU.Build.0 = Release|Any CPU
	EndGlobalSection
	GlobalSection(SolutionProperties) = preSolution
		HideSolutionNode = FALSE
	EndGlobalSection
	GlobalSection(ExtensibilityGlobals) = postSolution
		SolutionGuid = {6B5C7A4B-AC33-41ED-A7FF-A5190E0788D4}
	EndGlobalSection
EndGlobal
